// !$*UTF8*$!
{
	archiveVersion = 1;
	classes = {
	};
	objectVersion = 50;
	objects = {

/* Begin PBXBuildFile section */
		1D890C7425ED7B54005430B8 /* StepperView.swift in Sources */ = {isa = PBXBuildFile; fileRef = 1D890C7325ED7B54005430B8 /* StepperView.swift */; };
		1DC9CC7025F0174A005E7B67 /* SheetTransitionOffsetViews.swift in Sources */ = {isa = PBXBuildFile; fileRef = 1DC9CC6F25F0174A005E7B67 /* SheetTransitionOffsetViews.swift */; };
		95580D7E25E8409500A0CF4D /* SwiftUIBootcampApp.swift in Sources */ = {isa = PBXBuildFile; fileRef = 95580D7D25E8409500A0CF4D /* SwiftUIBootcampApp.swift */; };
		95580D8025E8409500A0CF4D /* ContentView.swift in Sources */ = {isa = PBXBuildFile; fileRef = 95580D7F25E8409500A0CF4D /* ContentView.swift */; };
		95580D8225E8409600A0CF4D /* Assets.xcassets in Resources */ = {isa = PBXBuildFile; fileRef = 95580D8125E8409600A0CF4D /* Assets.xcassets */; };
		95580D8525E8409600A0CF4D /* Preview Assets.xcassets in Resources */ = {isa = PBXBuildFile; fileRef = 95580D8425E8409600A0CF4D /* Preview Assets.xcassets */; };
		95580D8F25E841F500A0CF4D /* ToggleView.swift in Sources */ = {isa = PBXBuildFile; fileRef = 95580D8E25E841F500A0CF4D /* ToggleView.swift */; };
		95580D9325E8EC9500A0CF4D /* TextEditorView.swift in Sources */ = {isa = PBXBuildFile; fileRef = 95580D9225E8EC9500A0CF4D /* TextEditorView.swift */; };
		95580D9625E8F4C100A0CF4D /* TextFieldView.swift in Sources */ = {isa = PBXBuildFile; fileRef = 95580D9525E8F4C000A0CF4D /* TextFieldView.swift */; };
		95580D9925E9164A00A0CF4D /* ContextMenuView.swift in Sources */ = {isa = PBXBuildFile; fileRef = 95580D9825E9164A00A0CF4D /* ContextMenuView.swift */; };
		95580D9C25E95EB500A0CF4D /* ActionsSheetView.swift in Sources */ = {isa = PBXBuildFile; fileRef = 95580D9B25E95EB500A0CF4D /* ActionsSheetView.swift */; };
		95580D9F25E9644700A0CF4D /* AlertView.swift in Sources */ = {isa = PBXBuildFile; fileRef = 95580D9E25E9644700A0CF4D /* AlertView.swift */; };
		95866FF825EFA20C0073F137 /* SliderView.swift in Sources */ = {isa = PBXBuildFile; fileRef = 95866FF725EFA20C0073F137 /* SliderView.swift */; };
		95CEE55825E9922600C70801 /* PickerView.swift in Sources */ = {isa = PBXBuildFile; fileRef = 95CEE55725E9922600C70801 /* PickerView.swift */; };
		95CEE56B25EAED0A00C70801 /* ColorPickerView.swift in Sources */ = {isa = PBXBuildFile; fileRef = 95CEE56A25EAED0A00C70801 /* ColorPickerView.swift */; };
		95CEE56E25EC3B8800C70801 /* DatePickerView.swift in Sources */ = {isa = PBXBuildFile; fileRef = 95CEE56D25EC3B8800C70801 /* DatePickerView.swift */; };
/* End PBXBuildFile section */

/* Begin PBXFileReference section */
		1D890C7325ED7B54005430B8 /* StepperView.swift */ = {isa = PBXFileReference; lastKnownFileType = sourcecode.swift; path = StepperView.swift; sourceTree = "<group>"; };
		1DC9CC6F25F0174A005E7B67 /* SheetTransitionOffsetViews.swift */ = {isa = PBXFileReference; lastKnownFileType = sourcecode.swift; path = SheetTransitionOffsetViews.swift; sourceTree = "<group>"; };
		95580D7A25E8409500A0CF4D /* SwiftUIBootcamp.app */ = {isa = PBXFileReference; explicitFileType = wrapper.application; includeInIndex = 0; path = SwiftUIBootcamp.app; sourceTree = BUILT_PRODUCTS_DIR; };
		95580D7D25E8409500A0CF4D /* SwiftUIBootcampApp.swift */ = {isa = PBXFileReference; lastKnownFileType = sourcecode.swift; path = SwiftUIBootcampApp.swift; sourceTree = "<group>"; };
		95580D7F25E8409500A0CF4D /* ContentView.swift */ = {isa = PBXFileReference; lastKnownFileType = sourcecode.swift; path = ContentView.swift; sourceTree = "<group>"; };
		95580D8125E8409600A0CF4D /* Assets.xcassets */ = {isa = PBXFileReference; lastKnownFileType = folder.assetcatalog; path = Assets.xcassets; sourceTree = "<group>"; };
		95580D8425E8409600A0CF4D /* Preview Assets.xcassets */ = {isa = PBXFileReference; lastKnownFileType = folder.assetcatalog; path = "Preview Assets.xcassets"; sourceTree = "<group>"; };
		95580D8625E8409600A0CF4D /* Info.plist */ = {isa = PBXFileReference; lastKnownFileType = text.plist.xml; path = Info.plist; sourceTree = "<group>"; };
		95580D8E25E841F500A0CF4D /* ToggleView.swift */ = {isa = PBXFileReference; lastKnownFileType = sourcecode.swift; path = ToggleView.swift; sourceTree = "<group>"; };
		95580D9225E8EC9500A0CF4D /* TextEditorView.swift */ = {isa = PBXFileReference; lastKnownFileType = sourcecode.swift; path = TextEditorView.swift; sourceTree = "<group>"; };
		95580D9525E8F4C000A0CF4D /* TextFieldView.swift */ = {isa = PBXFileReference; lastKnownFileType = sourcecode.swift; path = TextFieldView.swift; sourceTree = "<group>"; };
		95580D9825E9164A00A0CF4D /* ContextMenuView.swift */ = {isa = PBXFileReference; lastKnownFileType = sourcecode.swift; path = ContextMenuView.swift; sourceTree = "<group>"; };
		95580D9B25E95EB500A0CF4D /* ActionsSheetView.swift */ = {isa = PBXFileReference; lastKnownFileType = sourcecode.swift; path = ActionsSheetView.swift; sourceTree = "<group>"; };
		95580D9E25E9644700A0CF4D /* AlertView.swift */ = {isa = PBXFileReference; lastKnownFileType = sourcecode.swift; path = AlertView.swift; sourceTree = "<group>"; };
		95866FF725EFA20C0073F137 /* SliderView.swift */ = {isa = PBXFileReference; lastKnownFileType = sourcecode.swift; path = SliderView.swift; sourceTree = "<group>"; };
		95CEE55725E9922600C70801 /* PickerView.swift */ = {isa = PBXFileReference; lastKnownFileType = sourcecode.swift; path = PickerView.swift; sourceTree = "<group>"; };
		95CEE56A25EAED0A00C70801 /* ColorPickerView.swift */ = {isa = PBXFileReference; lastKnownFileType = sourcecode.swift; path = ColorPickerView.swift; sourceTree = "<group>"; };
		95CEE56D25EC3B8800C70801 /* DatePickerView.swift */ = {isa = PBXFileReference; lastKnownFileType = sourcecode.swift; path = DatePickerView.swift; sourceTree = "<group>"; };
/* End PBXFileReference section */

/* Begin PBXFrameworksBuildPhase section */
		95580D7725E8409500A0CF4D /* Frameworks */ = {
			isa = PBXFrameworksBuildPhase;
			buildActionMask = 2147483647;
			files = (
			);
			runOnlyForDeploymentPostprocessing = 0;
		};
/* End PBXFrameworksBuildPhase section */

/* Begin PBXGroup section */
		95580D7125E8409500A0CF4D = {
			isa = PBXGroup;
			children = (
				95580D7C25E8409500A0CF4D /* SwiftUIBootcamp */,
				95580D7B25E8409500A0CF4D /* Products */,
			);
			sourceTree = "<group>";
		};
		95580D7B25E8409500A0CF4D /* Products */ = {
			isa = PBXGroup;
			children = (
				95580D7A25E8409500A0CF4D /* SwiftUIBootcamp.app */,
			);
			name = Products;
			sourceTree = "<group>";
		};
		95580D7C25E8409500A0CF4D /* SwiftUIBootcamp */ = {
			isa = PBXGroup;
			children = (
				95580D8D25E841E600A0CF4D /* Tabs */,
				95580D7D25E8409500A0CF4D /* SwiftUIBootcampApp.swift */,
				95580D7F25E8409500A0CF4D /* ContentView.swift */,
				95580D8125E8409600A0CF4D /* Assets.xcassets */,
				95580D8625E8409600A0CF4D /* Info.plist */,
				95580D8325E8409600A0CF4D /* Preview Content */,
			);
			path = SwiftUIBootcamp;
			sourceTree = "<group>";
		};
		95580D8325E8409600A0CF4D /* Preview Content */ = {
			isa = PBXGroup;
			children = (
				95580D8425E8409600A0CF4D /* Preview Assets.xcassets */,
			);
			path = "Preview Content";
			sourceTree = "<group>";
		};
		95580D8D25E841E600A0CF4D /* Tabs */ = {
			isa = PBXGroup;
			children = (
				95580D8E25E841F500A0CF4D /* ToggleView.swift */,
				95580D9225E8EC9500A0CF4D /* TextEditorView.swift */,
				95580D9525E8F4C000A0CF4D /* TextFieldView.swift */,
				95580D9825E9164A00A0CF4D /* ContextMenuView.swift */,
				95580D9B25E95EB500A0CF4D /* ActionsSheetView.swift */,
				95580D9E25E9644700A0CF4D /* AlertView.swift */,
				95CEE55725E9922600C70801 /* PickerView.swift */,
				95CEE56A25EAED0A00C70801 /* ColorPickerView.swift */,
				95CEE56D25EC3B8800C70801 /* DatePickerView.swift */,
				1D890C7325ED7B54005430B8 /* StepperView.swift */,
				95866FF725EFA20C0073F137 /* SliderView.swift */,
				1DC9CC6F25F0174A005E7B67 /* SheetTransitionOffsetViews.swift */,
			);
			path = Tabs;
			sourceTree = "<group>";
		};
/* End PBXGroup section */

/* Begin PBXNativeTarget section */
		95580D7925E8409500A0CF4D /* SwiftUIBootcamp */ = {
			isa = PBXNativeTarget;
			buildConfigurationList = 95580D8925E8409600A0CF4D /* Build configuration list for PBXNativeTarget "SwiftUIBootcamp" */;
			buildPhases = (
				95580D7625E8409500A0CF4D /* Sources */,
				95580D7725E8409500A0CF4D /* Frameworks */,
				95580D7825E8409500A0CF4D /* Resources */,
			);
			buildRules = (
			);
			dependencies = (
			);
			name = SwiftUIBootcamp;
			productName = SwiftUIBootcamp;
			productReference = 95580D7A25E8409500A0CF4D /* SwiftUIBootcamp.app */;
			productType = "com.apple.product-type.application";
		};
/* End PBXNativeTarget section */

/* Begin PBXProject section */
		95580D7225E8409500A0CF4D /* Project object */ = {
			isa = PBXProject;
			attributes = {
				LastSwiftUpdateCheck = 1240;
				LastUpgradeCheck = 1240;
				TargetAttributes = {
					95580D7925E8409500A0CF4D = {
						CreatedOnToolsVersion = 12.4;
					};
				};
			};
			buildConfigurationList = 95580D7525E8409500A0CF4D /* Build configuration list for PBXProject "SwiftUIBootcamp" */;
			compatibilityVersion = "Xcode 9.3";
			developmentRegion = en;
			hasScannedForEncodings = 0;
			knownRegions = (
				en,
				Base,
			);
			mainGroup = 95580D7125E8409500A0CF4D;
			productRefGroup = 95580D7B25E8409500A0CF4D /* Products */;
			projectDirPath = "";
			projectRoot = "";
			targets = (
				95580D7925E8409500A0CF4D /* SwiftUIBootcamp */,
			);
		};
/* End PBXProject section */

/* Begin PBXResourcesBuildPhase section */
		95580D7825E8409500A0CF4D /* Resources */ = {
			isa = PBXResourcesBuildPhase;
			buildActionMask = 2147483647;
			files = (
				95580D8525E8409600A0CF4D /* Preview Assets.xcassets in Resources */,
				95580D8225E8409600A0CF4D /* Assets.xcassets in Resources */,
			);
			runOnlyForDeploymentPostprocessing = 0;
		};
/* End PBXResourcesBuildPhase section */

/* Begin PBXSourcesBuildPhase section */
		95580D7625E8409500A0CF4D /* Sources */ = {
			isa = PBXSourcesBuildPhase;
			buildActionMask = 2147483647;
			files = (
				95580D9C25E95EB500A0CF4D /* ActionsSheetView.swift in Sources */,
				95866FF825EFA20C0073F137 /* SliderView.swift in Sources */,
				95580D8F25E841F500A0CF4D /* ToggleView.swift in Sources */,
				95CEE55825E9922600C70801 /* PickerView.swift in Sources */,
				95CEE56E25EC3B8800C70801 /* DatePickerView.swift in Sources */,
				95580D9625E8F4C100A0CF4D /* TextFieldView.swift in Sources */,
				95CEE56B25EAED0A00C70801 /* ColorPickerView.swift in Sources */,
				95580D8025E8409500A0CF4D /* ContentView.swift in Sources */,
				95580D9925E9164A00A0CF4D /* ContextMenuView.swift in Sources */,
				95580D9F25E9644700A0CF4D /* AlertView.swift in Sources */,
				95580D9325E8EC9500A0CF4D /* TextEditorView.swift in Sources */,
				1D890C7425ED7B54005430B8 /* StepperView.swift in Sources */,
				1DC9CC7025F0174A005E7B67 /* SheetTransitionOffsetViews.swift in Sources */,
				95580D7E25E8409500A0CF4D /* SwiftUIBootcampApp.swift in Sources */,
			);
			runOnlyForDeploymentPostprocessing = 0;
		};
/* End PBXSourcesBuildPhase section */

/* Begin XCBuildConfiguration section */
		95580D8725E8409600A0CF4D /* Debug */ = {
			isa = XCBuildConfiguration;
			buildSettings = {
				ALWAYS_SEARCH_USER_PATHS = NO;
				CLANG_ANALYZER_NONNULL = YES;
				CLANG_ANALYZER_NUMBER_OBJECT_CONVERSION = YES_AGGRESSIVE;
				CLANG_CXX_LANGUAGE_STANDARD = "gnu++14";
				CLANG_CXX_LIBRARY = "libc++";
				CLANG_ENABLE_MODULES = YES;
				CLANG_ENABLE_OBJC_ARC = YES;
				CLANG_ENABLE_OBJC_WEAK = YES;
				CLANG_WARN_BLOCK_CAPTURE_AUTORELEASING = YES;
				CLANG_WARN_BOOL_CONVERSION = YES;
				CLANG_WARN_COMMA = YES;
				CLANG_WARN_CONSTANT_CONVERSION = YES;
				CLANG_WARN_DEPRECATED_OBJC_IMPLEMENTATIONS = YES;
				CLANG_WARN_DIRECT_OBJC_ISA_USAGE = YES_ERROR;
				CLANG_WARN_DOCUMENTATION_COMMENTS = YES;
				CLANG_WARN_EMPTY_BODY = YES;
				CLANG_WARN_ENUM_CONVERSION = YES;
				CLANG_WARN_INFINITE_RECURSION = YES;
				CLANG_WARN_INT_CONVERSION = YES;
				CLANG_WARN_NON_LITERAL_NULL_CONVERSION = YES;
				CLANG_WARN_OBJC_IMPLICIT_RETAIN_SELF = YES;
				CLANG_WARN_OBJC_LITERAL_CONVERSION = YES;
				CLANG_WARN_OBJC_ROOT_CLASS = YES_ERROR;
				CLANG_WARN_QUOTED_INCLUDE_IN_FRAMEWORK_HEADER = YES;
				CLANG_WARN_RANGE_LOOP_ANALYSIS = YES;
				CLANG_WARN_STRICT_PROTOTYPES = YES;
				CLANG_WARN_SUSPICIOUS_MOVE = YES;
				CLANG_WARN_UNGUARDED_AVAILABILITY = YES_AGGRESSIVE;
				CLANG_WARN_UNREACHABLE_CODE = YES;
				CLANG_WARN__DUPLICATE_METHOD_MATCH = YES;
				COPY_PHASE_STRIP = NO;
				DEBUG_INFORMATION_FORMAT = dwarf;
				ENABLE_STRICT_OBJC_MSGSEND = YES;
				ENABLE_TESTABILITY = YES;
				GCC_C_LANGUAGE_STANDARD = gnu11;
				GCC_DYNAMIC_NO_PIC = NO;
				GCC_NO_COMMON_BLOCKS = YES;
				GCC_OPTIMIZATION_LEVEL = 0;
				GCC_PREPROCESSOR_DEFINITIONS = (
					"DEBUG=1",
					"$(inherited)",
				);
				GCC_WARN_64_TO_32_BIT_CONVERSION = YES;
				GCC_WARN_ABOUT_RETURN_TYPE = YES_ERROR;
				GCC_WARN_UNDECLARED_SELECTOR = YES;
				GCC_WARN_UNINITIALIZED_AUTOS = YES_AGGRESSIVE;
				GCC_WARN_UNUSED_FUNCTION = YES;
				GCC_WARN_UNUSED_VARIABLE = YES;
				IPHONEOS_DEPLOYMENT_TARGET = 14.4;
				MTL_ENABLE_DEBUG_INFO = INCLUDE_SOURCE;
				MTL_FAST_MATH = YES;
				ONLY_ACTIVE_ARCH = YES;
				SDKROOT = iphoneos;
				SWIFT_ACTIVE_COMPILATION_CONDITIONS = DEBUG;
				SWIFT_OPTIMIZATION_LEVEL = "-Onone";
			};
			name = Debug;
		};
		95580D8825E8409600A0CF4D /* Release */ = {
			isa = XCBuildConfiguration;
			buildSettings = {
				ALWAYS_SEARCH_USER_PATHS = NO;
				CLANG_ANALYZER_NONNULL = YES;
				CLANG_ANALYZER_NUMBER_OBJECT_CONVERSION = YES_AGGRESSIVE;
				CLANG_CXX_LANGUAGE_STANDARD = "gnu++14";
				CLANG_CXX_LIBRARY = "libc++";
				CLANG_ENABLE_MODULES = YES;
				CLANG_ENABLE_OBJC_ARC = YES;
				CLANG_ENABLE_OBJC_WEAK = YES;
				CLANG_WARN_BLOCK_CAPTURE_AUTORELEASING = YES;
				CLANG_WARN_BOOL_CONVERSION = YES;
				CLANG_WARN_COMMA = YES;
				CLANG_WARN_CONSTANT_CONVERSION = YES;
				CLANG_WARN_DEPRECATED_OBJC_IMPLEMENTATIONS = YES;
				CLANG_WARN_DIRECT_OBJC_ISA_USAGE = YES_ERROR;
				CLANG_WARN_DOCUMENTATION_COMMENTS = YES;
				CLANG_WARN_EMPTY_BODY = YES;
				CLANG_WARN_ENUM_CONVERSION = YES;
				CLANG_WARN_INFINITE_RECURSION = YES;
				CLANG_WARN_INT_CONVERSION = YES;
				CLANG_WARN_NON_LITERAL_NULL_CONVERSION = YES;
				CLANG_WARN_OBJC_IMPLICIT_RETAIN_SELF = YES;
				CLANG_WARN_OBJC_LITERAL_CONVERSION = YES;
				CLANG_WARN_OBJC_ROOT_CLASS = YES_ERROR;
				CLANG_WARN_QUOTED_INCLUDE_IN_FRAMEWORK_HEADER = YES;
				CLANG_WARN_RANGE_LOOP_ANALYSIS = YES;
				CLANG_WARN_STRICT_PROTOTYPES = YES;
				CLANG_WARN_SUSPICIOUS_MOVE = YES;
				CLANG_WARN_UNGUARDED_AVAILABILITY = YES_AGGRESSIVE;
				CLANG_WARN_UNREACHABLE_CODE = YES;
				CLANG_WARN__DUPLICATE_METHOD_MATCH = YES;
				COPY_PHASE_STRIP = NO;
				DEBUG_INFORMATION_FORMAT = "dwarf-with-dsym";
				ENABLE_NS_ASSERTIONS = NO;
				ENABLE_STRICT_OBJC_MSGSEND = YES;
				GCC_C_LANGUAGE_STANDARD = gnu11;
				GCC_NO_COMMON_BLOCKS = YES;
				GCC_WARN_64_TO_32_BIT_CONVERSION = YES;
				GCC_WARN_ABOUT_RETURN_TYPE = YES_ERROR;
				GCC_WARN_UNDECLARED_SELECTOR = YES;
				GCC_WARN_UNINITIALIZED_AUTOS = YES_AGGRESSIVE;
				GCC_WARN_UNUSED_FUNCTION = YES;
				GCC_WARN_UNUSED_VARIABLE = YES;
				IPHONEOS_DEPLOYMENT_TARGET = 14.4;
				MTL_ENABLE_DEBUG_INFO = NO;
				MTL_FAST_MATH = YES;
				SDKROOT = iphoneos;
				SWIFT_COMPILATION_MODE = wholemodule;
				SWIFT_OPTIMIZATION_LEVEL = "-O";
				VALIDATE_PRODUCT = YES;
			};
			name = Release;
		};
		95580D8A25E8409600A0CF4D /* Debug */ = {
			isa = XCBuildConfiguration;
			buildSettings = {
				ASSETCATALOG_COMPILER_APPICON_NAME = AppIcon;
				ASSETCATALOG_COMPILER_GLOBAL_ACCENT_COLOR_NAME = AccentColor;
				CODE_SIGN_STYLE = Automatic;
				DEVELOPMENT_ASSET_PATHS = "\"SwiftUIBootcamp/Preview Content\"";
				DEVELOPMENT_TEAM = L8W86DZDY2;
				ENABLE_PREVIEWS = YES;
				INFOPLIST_FILE = SwiftUIBootcamp/Info.plist;
				IPHONEOS_DEPLOYMENT_TARGET = 14.0;
				LD_RUNPATH_SEARCH_PATHS = (
					"$(inherited)",
					"@executable_path/Frameworks",
				);
				PRODUCT_BUNDLE_IDENTIFIER = com.ri.SwiftUIBootcamp;
				PRODUCT_NAME = "$(TARGET_NAME)";
				SWIFT_VERSION = 5.0;
				TARGETED_DEVICE_FAMILY = "1,2";
			};
			name = Debug;
		};
		95580D8B25E8409600A0CF4D /* Release */ = {
			isa = XCBuildConfiguration;
			buildSettings = {
				ASSETCATALOG_COMPILER_APPICON_NAME = AppIcon;
				ASSETCATALOG_COMPILER_GLOBAL_ACCENT_COLOR_NAME = AccentColor;
				CODE_SIGN_STYLE = Automatic;
				DEVELOPMENT_ASSET_PATHS = "\"SwiftUIBootcamp/Preview Content\"";
				DEVELOPMENT_TEAM = L8W86DZDY2;
				ENABLE_PREVIEWS = YES;
				INFOPLIST_FILE = SwiftUIBootcamp/Info.plist;
				IPHONEOS_DEPLOYMENT_TARGET = 14.0;
				LD_RUNPATH_SEARCH_PATHS = (
					"$(inherited)",
					"@executable_path/Frameworks",
				);
				PRODUCT_BUNDLE_IDENTIFIER = com.ri.SwiftUIBootcamp;
				PRODUCT_NAME = "$(TARGET_NAME)";
				SWIFT_VERSION = 5.0;
				TARGETED_DEVICE_FAMILY = "1,2";
			};
			name = Release;
		};
/* End XCBuildConfiguration section */

/* Begin XCConfigurationList section */
		95580D7525E8409500A0CF4D /* Build configuration list for PBXProject "SwiftUIBootcamp" */ = {
			isa = XCConfigurationList;
			buildConfigurations = (
				95580D8725E8409600A0CF4D /* Debug */,
				95580D8825E8409600A0CF4D /* Release */,
			);
			defaultConfigurationIsVisible = 0;
			defaultConfigurationName = Release;
		};
		95580D8925E8409600A0CF4D /* Build configuration list for PBXNativeTarget "SwiftUIBootcamp" */ = {
			isa = XCConfigurationList;
			buildConfigurations = (
				95580D8A25E8409600A0CF4D /* Debug */,
				95580D8B25E8409600A0CF4D /* Release */,
			);
			defaultConfigurationIsVisible = 0;
			defaultConfigurationName = Release;
		};
/* End XCConfigurationList section */
	};
	rootObject = 95580D7225E8409500A0CF4D /* Project object */;
}
